
Microsoft Visual Studio Solution File, Format Version 12.00
# Visual Studio Version 16
VisualStudioVersion = 16.0.31402.337
MinimumVisualStudioVersion = 10.0.40219.1
Project("{9A19103F-16F7-4668-BE54-9A1E7A4F7556}") = "CDD-api.NET", "CDD-api.NET\CDD-api.NET.csproj", "{F5BC24F9-1F61-4407-B334-52ABA41B7BEC}"
EndProject
Project("{FAE04EC0-301F-11D3-BF4B-00C04F79EFBC}") = "CDD_api.Tests", "CDD_api.Tests\CDD_api.Tests.csproj", "{4536465F-046A-4C3D-A5A5-BA562FBA3C57}"
EndProject
Global
	GlobalSection(SolutionConfigurationPlatforms) = preSolution
		Debug|Any CPU = Debug|Any CPU
		Release|Any CPU = Release|Any CPU
	EndGlobalSection
	GlobalSection(ProjectConfigurationPlatforms) = postSolution
		{F5BC24F9-1F61-4407-B334-52ABA41B7BEC}.Debug|Any CPU.ActiveCfg = Debug|Any CPU
		{F5BC24F9-1F61-4407-B334-52ABA41B7BEC}.Debug|Any CPU.Build.0 = Debug|Any CPU
		{F5BC24F9-1F61-4407-B334-52ABA41B7BEC}.Release|Any CPU.ActiveCfg = Release|Any CPU
		{F5BC24F9-1F61-4407-B334-52ABA41B7BEC}.Release|Any CPU.Build.0 = Release|Any CPU
		{4536465F-046A-4C3D-A5A5-BA562FBA3C57}.Debug|Any CPU.ActiveCfg = Debug|Any CPU
		{4536465F-046A-4C3D-A5A5-BA562FBA3C57}.Debug|Any CPU.Build.0 = Debug|Any CPU
		{4536465F-046A-4C3D-A5A5-BA562FBA3C57}.Release|Any CPU.ActiveCfg = Release|Any CPU
		{4536465F-046A-4C3D-A5A5-BA562FBA3C57}.Release|Any CPU.Build.0 = Release|Any CPU
	EndGlobalSection
	GlobalSection(SolutionProperties) = preSolution
		HideSolutionNode = FALSE
	EndGlobalSection
	GlobalSection(ExtensibilityGlobals) = postSolution
		SolutionGuid = {9BE9B095-CCB8-4D85-BD29-C66EF13A158F}
	EndGlobalSection
EndGlobal
